Microsoft Visual Studio Solution File, Format Version 12.00
# Visual Studio Version 17
VisualStudioVersion = 17.5.2.0
MinimumVisualStudioVersion = 10.0.40219.1
Project("{FAE04EC0-301F-11D3-BF4B-00C04F79EFBC}") = "CapstoneProject.Server", "CapstoneProject.Server.csproj", "{5D85FA4F-889A-77CE-BB30-FB55324E10A3}"
EndProject
Global
	GlobalSection(SolutionConfigurationPlatforms) = preSolution
		Debug|Any CPU = Debug|Any CPU
		Release|Any CPU = Release|Any CPU
	EndGlobalSection
	GlobalSection(ProjectConfigurationPlatforms) = postSolution
		{5D85FA4F-889A-77CE-BB30-FB55324E10A3}.Debug|Any CPU.ActiveCfg = Debug|Any CPU
		{5D85FA4F-889A-77CE-BB30-FB55324E10A3}.Debug|Any CPU.Build.0 = Debug|Any CPU
		{5D85FA4F-889A-77CE-BB30-FB55324E10A3}.Release|Any CPU.ActiveCfg = Release|Any CPU
		{5D85FA4F-889A-77CE-BB30-FB55324E10A3}.Release|Any CPU.Build.0 = Release|Any CPU
	EndGlobalSection
	GlobalSection(SolutionProperties) = preSolution
		HideSolutionNode = FALSE
	EndGlobalSection
	GlobalSection(ExtensibilityGlobals) = postSolution
		SolutionGuid = {B55E0DF3-845D-438C-A973-BB3FC94728B1}
	EndGlobalSection
EndGlobal
